PODS:
  - Alamofire (5.0.5)
  - Cherry (0.1.0):
    - Alamofire (~> 5.0)
    - PromisesSwift
  - PromisesObjC (1.2.8)
  - PromisesSwift (1.2.8):
    - PromisesObjC (= 1.2.8)

DEPENDENCIES:
  - Cherry (from `../`)

SPEC REPOS:
  trunk:
    - Alamofire
    - PromisesObjC
    - PromisesSwift

EXTERNAL SOURCES:
  Cherry:
    :path: "../"

SPEC CHECKSUMS:
  Alamofire: df2f8f826963b08b9a870791ad48e07a10090b2e
  Cherry: 1a1c0f64f9b843468cf0c4c543de8e6c96de7a14
  PromisesObjC: c119f3cd559f50b7ae681fa59dc1acd19173b7e6
  PromisesSwift: 37bad6f4daddb02f7c9c531efe91e8b21c13ee2f

PODFILE CHECKSUM: ca7948a16f394f30bb95d8f13d21b68a1cf89f15

COCOAPODS: 1.9.1
